
Microsoft Visual Studio Solution File, Format Version 12.00
# Visual Studio 15
VisualStudioVersion = 15.0.27703.2042
MinimumVisualStudioVersion = 10.0.40219.1
Project("{FAE04EC0-301F-11D3-BF4B-00C04F79EFBC}") = "MyTubeAPI", "MyTubeAPI\MyTubeAPI.csproj", "{AAE661B9-A461-4EC6-8D8D-912EC86A39D5}"
EndProject
Global
	GlobalSection(SolutionConfigurationPlatforms) = preSolution
		Debug|Any CPU = Debug|Any CPU
		Release|Any CPU = Release|Any CPU
	EndGlobalSection
	GlobalSection(ProjectConfigurationPlatforms) = postSolution
		{AAE661B9-A461-4EC6-8D8D-912EC86A39D5}.Debug|Any CPU.ActiveCfg = Debug|Any CPU
		{AAE661B9-A461-4EC6-8D8D-912EC86A39D5}.Debug|Any CPU.Build.0 = Debug|Any CPU
		{AAE661B9-A461-4EC6-8D8D-912EC86A39D5}.Release|Any CPU.ActiveCfg = Release|Any CPU
		{AAE661B9-A461-4EC6-8D8D-912EC86A39D5}.Release|Any CPU.Build.0 = Release|Any CPU
	EndGlobalSection
	GlobalSection(SolutionProperties) = preSolution
		HideSolutionNode = FALSE
	EndGlobalSection
	GlobalSection(ExtensibilityGlobals) = postSolution
		SolutionGuid = {350D425B-B203-40B9-910E-7ADFAC08AC06}
	EndGlobalSection
EndGlobal
